// !$*UTF8*$!
{
	archiveVersion = 1;
	classes = {
	};
	objectVersion = 46;
	objects = {

/* Begin PBXBuildFile section */
		9C050A2F1DFF5C8E000D0726 /* main.m in Sources */ = {isa = PBXBuildFile; fileRef = 9C050A2E1DFF5C8E000D0726 /* main.m */; };
		9C050A321DFF5C8E000D0726 /* AppDelegate.m in Sources */ = {isa = PBXBuildFile; fileRef = 9C050A311DFF5C8E000D0726 /* AppDelegate.m */; };
		9C050A381DFF5C8E000D0726 /* Main.storyboard in Resources */ = {isa = PBXBuildFile; fileRef = 9C050A361DFF5C8E000D0726 /* Main.storyboard */; };
		9C050A3A1DFF5C8E000D0726 /* Assets.xcassets in Resources */ = {isa = PBXBuildFile; fileRef = 9C050A391DFF5C8E000D0726 /* Assets.xcassets */; };
		9C050A3D1DFF5C8E000D0726 /* LaunchScreen.storyboard in Resources */ = {isa = PBXBuildFile; fileRef = 9C050A3B1DFF5C8E000D0726 /* LaunchScreen.storyboard */; };
		9C050A481DFF5C8E000D0726 /* ARO_InspectionsTests.m in Sources */ = {isa = PBXBuildFile; fileRef = 9C050A471DFF5C8E000D0726 /* ARO_InspectionsTests.m */; };
		9C050A531DFF5C8E000D0726 /* ARO_InspectionsUITests.m in Sources */ = {isa = PBXBuildFile; fileRef = 9C050A521DFF5C8E000D0726 /* ARO_InspectionsUITests.m */; };
		9C050A621DFF64AA000D0726 /* MainTableViewController.m in Sources */ = {isa = PBXBuildFile; fileRef = 9C050A611DFF64AA000D0726 /* MainTableViewController.m */; };
		9C050A651DFF66ED000D0726 /* MainTableViewCell.m in Sources */ = {isa = PBXBuildFile; fileRef = 9C050A641DFF66ED000D0726 /* MainTableViewCell.m */; };
		9C050A681DFF6B54000D0726 /* NavigationViewController.m in Sources */ = {isa = PBXBuildFile; fileRef = 9C050A671DFF6B54000D0726 /* NavigationViewController.m */; };
/* End PBXBuildFile section */

/* Begin PBXContainerItemProxy section */
		9C050A441DFF5C8E000D0726 /* PBXContainerItemProxy */ = {
			isa = PBXContainerItemProxy;
			containerPortal = 9C050A221DFF5C8E000D0726 /* Project object */;
			proxyType = 1;
			remoteGlobalIDString = 9C050A291DFF5C8E000D0726;
			remoteInfo = "ARO Inspections";
		};
		9C050A4F1DFF5C8E000D0726 /* PBXContainerItemProxy */ = {
			isa = PBXContainerItemProxy;
			containerPortal = 9C050A221DFF5C8E000D0726 /* Project object */;
			proxyType = 1;
			remoteGlobalIDString = 9C050A291DFF5C8E000D0726;
			remoteInfo = "ARO Inspections";
		};
/* End PBXContainerItemProxy section */

/* Begin PBXFileReference section */
		9C050A2A1DFF5C8E000D0726 /* ARO Inspections.app */ = {isa = PBXFileReference; explicitFileType = wrapper.application; includeInIndex = 0; path = "ARO Inspections.app"; sourceTree = BUILT_PRODUCTS_DIR; };
		9C050A2E1DFF5C8E000D0726 /* main.m */ = {isa = PBXFileReference; lastKnownFileType = sourcecode.c.objc; path = main.m; sourceTree = "<group>"; };
		9C050A301DFF5C8E000D0726 /* AppDelegate.h */ = {isa = PBXFileReference; lastKnownFileType = sourcecode.c.h; path = AppDelegate.h; sourceTree = "<group>"; };
		9C050A311DFF5C8E000D0726 /* AppDelegate.m */ = {isa = PBXFileReference; lastKnownFileType = sourcecode.c.objc; path = AppDelegate.m; sourceTree = "<group>"; };
		9C050A371DFF5C8E000D0726 /* Base */ = {isa = PBXFileReference; lastKnownFileType = file.storyboard; name = Base; path = Base.lproj/Main.storyboard; sourceTree = "<group>"; };
		9C050A391DFF5C8E000D0726 /* Assets.xcassets */ = {isa = PBXFileReference; lastKnownFileType = folder.assetcatalog; path = Assets.xcassets; sourceTree = "<group>"; };
		9C050A3C1DFF5C8E000D0726 /* Base */ = {isa = PBXFileReference; lastKnownFileType = file.storyboard; name = Base; path = Base.lproj/LaunchScreen.storyboard; sourceTree = "<group>"; };
		9C050A3E1DFF5C8E000D0726 /* Info.plist */ = {isa = PBXFileReference; lastKnownFileType = text.plist.xml; path = Info.plist; sourceTree = "<group>"; };
		9C050A431DFF5C8E000D0726 /* ARO InspectionsTests.xctest */ = {isa = PBXFileReference; explicitFileType = wrapper.cfbundle; includeInIndex = 0; path = "ARO InspectionsTests.xctest"; sourceTree = BUILT_PRODUCTS_DIR; };
		9C050A471DFF5C8E000D0726 /* ARO_InspectionsTests.m */ = {isa = PBXFileReference; lastKnownFileType = sourcecode.c.objc; path = ARO_InspectionsTests.m; sourceTree = "<group>"; };
		9C050A491DFF5C8E000D0726 /* Info.plist */ = {isa = PBXFileReference; lastKnownFileType = text.plist.xml; path = Info.plist; sourceTree = "<group>"; };
		9C050A4E1DFF5C8E000D0726 /* ARO InspectionsUITests.xctest */ = {isa = PBXFileReference; explicitFileType = wrapper.cfbundle; includeInIndex = 0; path = "ARO InspectionsUITests.xctest"; sourceTree = BUILT_PRODUCTS_DIR; };
		9C050A521DFF5C8E000D0726 /* ARO_InspectionsUITests.m */ = {isa = PBXFileReference; lastKnownFileType = sourcecode.c.objc; path = ARO_InspectionsUITests.m; sourceTree = "<group>"; };
		9C050A541DFF5C8E000D0726 /* Info.plist */ = {isa = PBXFileReference; lastKnownFileType = text.plist.xml; path = Info.plist; sourceTree = "<group>"; };
		9C050A601DFF64AA000D0726 /* MainTableViewController.h */ = {isa = PBXFileReference; fileEncoding = 4; lastKnownFileType = sourcecode.c.h; path = MainTableViewController.h; sourceTree = "<group>"; };
		9C050A611DFF64AA000D0726 /* MainTableViewController.m */ = {isa = PBXFileReference; fileEncoding = 4; lastKnownFileType = sourcecode.c.objc; path = MainTableViewController.m; sourceTree = "<group>"; };
		9C050A631DFF66ED000D0726 /* MainTableViewCell.h */ = {isa = PBXFileReference; fileEncoding = 4; lastKnownFileType = sourcecode.c.h; path = MainTableViewCell.h; sourceTree = "<group>"; };
		9C050A641DFF66ED000D0726 /* MainTableViewCell.m */ = {isa = PBXFileReference; fileEncoding = 4; lastKnownFileType = sourcecode.c.objc; path = MainTableViewCell.m; sourceTree = "<group>"; };
		9C050A661DFF6B54000D0726 /* NavigationViewController.h */ = {isa = PBXFileReference; fileEncoding = 4; lastKnownFileType = sourcecode.c.h; path = NavigationViewController.h; sourceTree = "<group>"; };
		9C050A671DFF6B54000D0726 /* NavigationViewController.m */ = {isa = PBXFileReference; fileEncoding = 4; lastKnownFileType = sourcecode.c.objc; path = NavigationViewController.m; sourceTree = "<group>"; };
/* End PBXFileReference section */

/* Begin PBXFrameworksBuildPhase section */
		9C050A271DFF5C8E000D0726 /* Frameworks */ = {
			isa = PBXFrameworksBuildPhase;
			buildActionMask = 2147483647;
			files = (
			);
			runOnlyForDeploymentPostprocessing = 0;
		};
		9C050A401DFF5C8E000D0726 /* Frameworks */ = {
			isa = PBXFrameworksBuildPhase;
			buildActionMask = 2147483647;
			files = (
			);
			runOnlyForDeploymentPostprocessing = 0;
		};
		9C050A4B1DFF5C8E000D0726 /* Frameworks */ = {
			isa = PBXFrameworksBuildPhase;
			buildActionMask = 2147483647;
			files = (
			);
			runOnlyForDeploymentPostprocessing = 0;
		};
/* End PBXFrameworksBuildPhase section */

/* Begin PBXGroup section */
		9C050A211DFF5C8E000D0726 = {
			isa = PBXGroup;
			children = (
				9C050A2C1DFF5C8E000D0726 /* ARO Inspections */,
				9C050A461DFF5C8E000D0726 /* ARO InspectionsTests */,
				9C050A511DFF5C8E000D0726 /* ARO InspectionsUITests */,
				9C050A2B1DFF5C8E000D0726 /* Products */,
			);
			sourceTree = "<group>";
		};
		9C050A2B1DFF5C8E000D0726 /* Products */ = {
			isa = PBXGroup;
			children = (
				9C050A2A1DFF5C8E000D0726 /* ARO Inspections.app */,
				9C050A431DFF5C8E000D0726 /* ARO InspectionsTests.xctest */,
				9C050A4E1DFF5C8E000D0726 /* ARO InspectionsUITests.xctest */,
			);
			name = Products;
			sourceTree = "<group>";
		};
		9C050A2C1DFF5C8E000D0726 /* ARO Inspections */ = {
			isa = PBXGroup;
			children = (
				9C050A301DFF5C8E000D0726 /* AppDelegate.h */,
				9C050A311DFF5C8E000D0726 /* AppDelegate.m */,
				9C050A601DFF64AA000D0726 /* MainTableViewController.h */,
				9C050A611DFF64AA000D0726 /* MainTableViewController.m */,
				9C050A631DFF66ED000D0726 /* MainTableViewCell.h */,
				9C050A641DFF66ED000D0726 /* MainTableViewCell.m */,
				9C050A661DFF6B54000D0726 /* NavigationViewController.h */,
				9C050A671DFF6B54000D0726 /* NavigationViewController.m */,
				9C050A361DFF5C8E000D0726 /* Main.storyboard */,
				9C050A391DFF5C8E000D0726 /* Assets.xcassets */,
				9C050A3B1DFF5C8E000D0726 /* LaunchScreen.storyboard */,
				9C050A3E1DFF5C8E000D0726 /* Info.plist */,
				9C050A2D1DFF5C8E000D0726 /* Supporting Files */,
			);
			path = "ARO Inspections";
			sourceTree = "<group>";
		};
		9C050A2D1DFF5C8E000D0726 /* Supporting Files */ = {
			isa = PBXGroup;
			children = (
				9C050A2E1DFF5C8E000D0726 /* main.m */,
			);
			name = "Supporting Files";
			sourceTree = "<group>";
		};
		9C050A461DFF5C8E000D0726 /* ARO InspectionsTests */ = {
			isa = PBXGroup;
			children = (
				9C050A471DFF5C8E000D0726 /* ARO_InspectionsTests.m */,
				9C050A491DFF5C8E000D0726 /* Info.plist */,
			);
			path = "ARO InspectionsTests";
			sourceTree = "<group>";
		};
		9C050A511DFF5C8E000D0726 /* ARO InspectionsUITests */ = {
			isa = PBXGroup;
			children = (
				9C050A521DFF5C8E000D0726 /* ARO_InspectionsUITests.m */,
				9C050A541DFF5C8E000D0726 /* Info.plist */,
			);
			path = "ARO InspectionsUITests";
			sourceTree = "<group>";
		};
/* End PBXGroup section */

/* Begin PBXNativeTarget section */
		9C050A291DFF5C8E000D0726 /* ARO Inspections */ = {
			isa = PBXNativeTarget;
			buildConfigurationList = 9C050A571DFF5C8E000D0726 /* Build configuration list for PBXNativeTarget "ARO Inspections" */;
			buildPhases = (
				9C050A261DFF5C8E000D0726 /* Sources */,
				9C050A271DFF5C8E000D0726 /* Frameworks */,
				9C050A281DFF5C8E000D0726 /* Resources */,
			);
			buildRules = (
			);
			dependencies = (
			);
			name = "ARO Inspections";
			productName = "ARO Inspections";
			productReference = 9C050A2A1DFF5C8E000D0726 /* ARO Inspections.app */;
			productType = "com.apple.product-type.application";
		};
		9C050A421DFF5C8E000D0726 /* ARO InspectionsTests */ = {
			isa = PBXNativeTarget;
			buildConfigurationList = 9C050A5A1DFF5C8E000D0726 /* Build configuration list for PBXNativeTarget "ARO InspectionsTests" */;
			buildPhases = (
				9C050A3F1DFF5C8E000D0726 /* Sources */,
				9C050A401DFF5C8E000D0726 /* Frameworks */,
				9C050A411DFF5C8E000D0726 /* Resources */,
			);
			buildRules = (
			);
			dependencies = (
				9C050A451DFF5C8E000D0726 /* PBXTargetDependency */,
			);
			name = "ARO InspectionsTests";
			productName = "ARO InspectionsTests";
			productReference = 9C050A431DFF5C8E000D0726 /* ARO InspectionsTests.xctest */;
			productType = "com.apple.product-type.bundle.unit-test";
		};
		9C050A4D1DFF5C8E000D0726 /* ARO InspectionsUITests */ = {
			isa = PBXNativeTarget;
			buildConfigurationList = 9C050A5D1DFF5C8E000D0726 /* Build configuration list for PBXNativeTarget "ARO InspectionsUITests" */;
			buildPhases = (
				9C050A4A1DFF5C8E000D0726 /* Sources */,
				9C050A4B1DFF5C8E000D0726 /* Frameworks */,
				9C050A4C1DFF5C8E000D0726 /* Resources */,
			);
			buildRules = (
			);
			dependencies = (
				9C050A501DFF5C8E000D0726 /* PBXTargetDependency */,
			);
			name = "ARO InspectionsUITests";
			productName = "ARO InspectionsUITests";
			productReference = 9C050A4E1DFF5C8E000D0726 /* ARO InspectionsUITests.xctest */;
			productType = "com.apple.product-type.bundle.ui-testing";
		};
/* End PBXNativeTarget section */

/* Begin PBXProject section */
		9C050A221DFF5C8E000D0726 /* Project object */ = {
			isa = PBXProject;
			attributes = {
				LastUpgradeCheck = 0800;
				ORGANIZATIONNAME = "Piglet Products";
				TargetAttributes = {
					9C050A291DFF5C8E000D0726 = {
						CreatedOnToolsVersion = 8.0;
						DevelopmentTeam = 4VLU4CB777;
						ProvisioningStyle = Automatic;
					};
					9C050A421DFF5C8E000D0726 = {
						CreatedOnToolsVersion = 8.0;
						DevelopmentTeam = 4VLU4CB777;
						ProvisioningStyle = Automatic;
						TestTargetID = 9C050A291DFF5C8E000D0726;
					};
					9C050A4D1DFF5C8E000D0726 = {
						CreatedOnToolsVersion = 8.0;
						DevelopmentTeam = 4VLU4CB777;
						ProvisioningStyle = Automatic;
						TestTargetID = 9C050A291DFF5C8E000D0726;
					};
				};
			};
			buildConfigurationList = 9C050A251DFF5C8E000D0726 /* Build configuration list for PBXProject "ARO Inspections" */;
			compatibilityVersion = "Xcode 3.2";
			developmentRegion = English;
			hasScannedForEncodings = 0;
			knownRegions = (
				en,
				Base,
			);
			mainGroup = 9C050A211DFF5C8E000D0726;
			productRefGroup = 9C050A2B1DFF5C8E000D0726 /* Products */;
			projectDirPath = "";
			projectRoot = "";
			targets = (
				9C050A291DFF5C8E000D0726 /* ARO Inspections */,
				9C050A421DFF5C8E000D0726 /* ARO InspectionsTests */,
				9C050A4D1DFF5C8E000D0726 /* ARO InspectionsUITests */,
			);
		};
/* End PBXProject section */

/* Begin PBXResourcesBuildPhase section */
		9C050A281DFF5C8E000D0726 /* Resources */ = {
			isa = PBXResourcesBuildPhase;
			buildActionMask = 2147483647;
			files = (
				9C050A3D1DFF5C8E000D0726 /* LaunchScreen.storyboard in Resources */,
				9C050A3A1DFF5C8E000D0726 /* Assets.xcassets in Resources */,
				9C050A381DFF5C8E000D0726 /* Main.storyboard in Resources */,
			);
			runOnlyForDeploymentPostprocessing = 0;
		};
		9C050A411DFF5C8E000D0726 /* Resources */ = {
			isa = PBXResourcesBuildPhase;
			buildActionMask = 2147483647;
			files = (
			);
			runOnlyForDeploymentPostprocessing = 0;
		};
		9C050A4C1DFF5C8E000D0726 /* Resources */ = {
			isa = PBXResourcesBuildPhase;
			buildActionMask = 2147483647;
			files = (
			);
			runOnlyForDeploymentPostprocessing = 0;
		};
/* End PBXResourcesBuildPhase section */

/* Begin PBXSourcesBuildPhase section */
		9C050A261DFF5C8E000D0726 /* Sources */ = {
			isa = PBXSourcesBuildPhase;
			buildActionMask = 2147483647;
			files = (
				9C050A621DFF64AA000D0726 /* MainTableViewController.m in Sources */,
				9C050A321DFF5C8E000D0726 /* AppDelegate.m in Sources */,
				9C050A681DFF6B54000D0726 /* NavigationViewController.m in Sources */,
				9C050A651DFF66ED000D0726 /* MainTableViewCell.m in Sources */,
				9C050A2F1DFF5C8E000D0726 /* main.m in Sources */,
			);
			runOnlyForDeploymentPostprocessing = 0;
		};
		9C050A3F1DFF5C8E000D0726 /* Sources */ = {
			isa = PBXSourcesBuildPhase;
			buildActionMask = 2147483647;
			files = (
				9C050A481DFF5C8E000D0726 /* ARO_InspectionsTests.m in Sources */,
			);
			runOnlyForDeploymentPostprocessing = 0;
		};
		9C050A4A1DFF5C8E000D0726 /* Sources */ = {
			isa = PBXSourcesBuildPhase;
			buildActionMask = 2147483647;
			files = (
				9C050A531DFF5C8E000D0726 /* ARO_InspectionsUITests.m in Sources */,
			);
			runOnlyForDeploymentPostprocessing = 0;
		};
/* End PBXSourcesBuildPhase section */

/* Begin PBXTargetDependency section */
		9C050A451DFF5C8E000D0726 /* PBXTargetDependency */ = {
			isa = PBXTargetDependency;
			target = 9C050A291DFF5C8E000D0726 /* ARO Inspections */;
			targetProxy = 9C050A441DFF5C8E000D0726 /* PBXContainerItemProxy */;
		};
		9C050A501DFF5C8E000D0726 /* PBXTargetDependency */ = {
			isa = PBXTargetDependency;
			target = 9C050A291DFF5C8E000D0726 /* ARO Inspections */;
			targetProxy = 9C050A4F1DFF5C8E000D0726 /* PBXContainerItemProxy */;
		};
/* End PBXTargetDependency section */

/* Begin PBXVariantGroup section */
		9C050A361DFF5C8E000D0726 /* Main.storyboard */ = {
			isa = PBXVariantGroup;
			children = (
				9C050A371DFF5C8E000D0726 /* Base */,
			);
			name = Main.storyboard;
			sourceTree = "<group>";
		};
		9C050A3B1DFF5C8E000D0726 /* LaunchScreen.storyboard */ = {
			isa = PBXVariantGroup;
			children = (
				9C050A3C1DFF5C8E000D0726 /* Base */,
			);
			name = LaunchScreen.storyboard;
			sourceTree = "<group>";
		};
/* End PBXVariantGroup section */

/* Begin XCBuildConfiguration section */
		9C050A551DFF5C8E000D0726 /* Debug */ = {
			isa = XCBuildConfiguration;
			buildSettings = {
				ALWAYS_SEARCH_USER_PATHS = NO;
				CLANG_ANALYZER_NONNULL = YES;
				CLANG_CXX_LANGUAGE_STANDARD = "gnu++0x";
				CLANG_CXX_LIBRARY = "libc++";
				CLANG_ENABLE_MODULES = YES;
				CLANG_ENABLE_OBJC_ARC = YES;
				CLANG_WARN_BOOL_CONVERSION = YES;
				CLANG_WARN_CONSTANT_CONVERSION = YES;
				CLANG_WARN_DIRECT_OBJC_ISA_USAGE = YES_ERROR;
				CLANG_WARN_DOCUMENTATION_COMMENTS = YES;
				CLANG_WARN_EMPTY_BODY = YES;
				CLANG_WARN_ENUM_CONVERSION = YES;
				CLANG_WARN_INFINITE_RECURSION = YES;
				CLANG_WARN_INT_CONVERSION = YES;
				CLANG_WARN_OBJC_ROOT_CLASS = YES_ERROR;
				CLANG_WARN_SUSPICIOUS_MOVES = YES;
				CLANG_WARN_UNREACHABLE_CODE = YES;
				CLANG_WARN__DUPLICATE_METHOD_MATCH = YES;
				"CODE_SIGN_IDENTITY[sdk=iphoneos*]" = "iPhone Developer";
				COPY_PHASE_STRIP = NO;
				DEBUG_INFORMATION_FORMAT = dwarf;
				ENABLE_STRICT_OBJC_MSGSEND = YES;
				ENABLE_TESTABILITY = YES;
				GCC_C_LANGUAGE_STANDARD = gnu99;
				GCC_DYNAMIC_NO_PIC = NO;
				GCC_NO_COMMON_BLOCKS = YES;
				GCC_OPTIMIZATION_LEVEL = 0;
				GCC_PREPROCESSOR_DEFINITIONS = (
					"DEBUG=1",
					"$(inherited)",
				);
				GCC_WARN_64_TO_32_BIT_CONVERSION = YES;
				GCC_WARN_ABOUT_RETURN_TYPE = YES_ERROR;
				GCC_WARN_UNDECLARED_SELECTOR = YES;
				GCC_WARN_UNINITIALIZED_AUTOS = YES_AGGRESSIVE;
				GCC_WARN_UNUSED_FUNCTION = YES;
				GCC_WARN_UNUSED_VARIABLE = YES;
				IPHONEOS_DEPLOYMENT_TARGET = 10.0;
				MTL_ENABLE_DEBUG_INFO = YES;
				ONLY_ACTIVE_ARCH = YES;
				SDKROOT = iphoneos;
				TARGETED_DEVICE_FAMILY = "1,2";
			};
			name = Debug;
		};
		9C050A561DFF5C8E000D0726 /* Release */ = {
			isa = XCBuildConfiguration;
			buildSettings = {
				ALWAYS_SEARCH_USER_PATHS = NO;
				CLANG_ANALYZER_NONNULL = YES;
				CLANG_CXX_LANGUAGE_STANDARD = "gnu++0x";
				CLANG_CXX_LIBRARY = "libc++";
				CLANG_ENABLE_MODULES = YES;
				CLANG_ENABLE_OBJC_ARC = YES;
				CLANG_WARN_BOOL_CONVERSION = YES;
				CLANG_WARN_CONSTANT_CONVERSION = YES;
				CLANG_WARN_DIRECT_OBJC_ISA_USAGE = YES_ERROR;
				CLANG_WARN_DOCUMENTATION_COMMENTS = YES;
				CLANG_WARN_EMPTY_BODY = YES;
				CLANG_WARN_ENUM_CONVERSION = YES;
				CLANG_WARN_INFINITE_RECURSION = YES;
				CLANG_WARN_INT_CONVERSION = YES;
				CLANG_WARN_OBJC_ROOT_CLASS = YES_ERROR;
				CLANG_WARN_SUSPICIOUS_MOVES = YES;
				CLANG_WARN_UNREACHABLE_CODE = YES;
				CLANG_WARN__DUPLICATE_METHOD_MATCH = YES;
				"CODE_SIGN_IDENTITY[sdk=iphoneos*]" = "iPhone Developer";
				COPY_PHASE_STRIP = NO;
				DEBUG_INFORMATION_FORMAT = "dwarf-with-dsym";
				ENABLE_NS_ASSERTIONS = NO;
				ENABLE_STRICT_OBJC_MSGSEND = YES;
				GCC_C_LANGUAGE_STANDARD = gnu99;
				GCC_NO_COMMON_BLOCKS = YES;
				GCC_WARN_64_TO_32_BIT_CONVERSION = YES;
				GCC_WARN_ABOUT_RETURN_TYPE = YES_ERROR;
				GCC_WARN_UNDECLARED_SELECTOR = YES;
				GCC_WARN_UNINITIALIZED_AUTOS = YES_AGGRESSIVE;
				GCC_WARN_UNUSED_FUNCTION = YES;
				GCC_WARN_UNUSED_VARIABLE = YES;
				IPHONEOS_DEPLOYMENT_TARGET = 10.0;
				MTL_ENABLE_DEBUG_INFO = NO;
				SDKROOT = iphoneos;
				TARGETED_DEVICE_FAMILY = "1,2";
				VALIDATE_PRODUCT = YES;
			};
			name = Release;
		};
		9C050A581DFF5C8E000D0726 /* Debug */ = {
			isa = XCBuildConfiguration;
			buildSettings = {
				ASSETCATALOG_COMPILER_APPICON_NAME = AppIcon;
				DEVELOPMENT_TEAM = 4VLU4CB777;
				INFOPLIST_FILE = "ARO Inspections/Info.plist";
				LD_RUNPATH_SEARCH_PATHS = "$(inherited) @executable_path/Frameworks";
				PRODUCT_BUNDLE_IDENTIFIER = "com.pigletproducts.ARO-Inspections";
				PRODUCT_NAME = "$(TARGET_NAME)";
			};
			name = Debug;
		};
		9C050A591DFF5C8E000D0726 /* Release */ = {
			isa = XCBuildConfiguration;
			buildSettings = {
				ASSETCATALOG_COMPILER_APPICON_NAME = AppIcon;
				DEVELOPMENT_TEAM = 4VLU4CB777;
				INFOPLIST_FILE = "ARO Inspections/Info.plist";
				LD_RUNPATH_SEARCH_PATHS = "$(inherited) @executable_path/Frameworks";
				PRODUCT_BUNDLE_IDENTIFIER = "com.pigletproducts.ARO-Inspections";
				PRODUCT_NAME = "$(TARGET_NAME)";
			};
			name = Release;
		};
		9C050A5B1DFF5C8E000D0726 /* Debug */ = {
			isa = XCBuildConfiguration;
			buildSettings = {
				BUNDLE_LOADER = "$(TEST_HOST)";
				DEVELOPMENT_TEAM = 4VLU4CB777;
				INFOPLIST_FILE = "ARO InspectionsTests/Info.plist";
				LD_RUNPATH_SEARCH_PATHS = "$(inherited) @executable_path/Frameworks @loader_path/Frameworks";
				PRODUCT_BUNDLE_IDENTIFIER = "com.pigletproducts.ARO-InspectionsTests";
				PRODUCT_NAME = "$(TARGET_NAME)";
				TEST_HOST = "$(BUILT_PRODUCTS_DIR)/ARO Inspections.app/ARO Inspections";
			};
			name = Debug;
		};
		9C050A5C1DFF5C8E000D0726 /* Release */ = {
			isa = XCBuildConfiguration;
			buildSettings = {
				BUNDLE_LOADER = "$(TEST_HOST)";
				DEVELOPMENT_TEAM = 4VLU4CB777;
				INFOPLIST_FILE = "ARO InspectionsTests/Info.plist";
				LD_RUNPATH_SEARCH_PATHS = "$(inherited) @executable_path/Frameworks @loader_path/Frameworks";
				PRODUCT_BUNDLE_IDENTIFIER = "com.pigletproducts.ARO-InspectionsTests";
				PRODUCT_NAME = "$(TARGET_NAME)";
				TEST_HOST = "$(BUILT_PRODUCTS_DIR)/ARO Inspections.app/ARO Inspections";
			};
			name = Release;
		};
		9C050A5E1DFF5C8E000D0726 /* Debug */ = {
			isa = XCBuildConfiguration;
			buildSettings = {
				DEVELOPMENT_TEAM = 4VLU4CB777;
				INFOPLIST_FILE = "ARO InspectionsUITests/Info.plist";
				LD_RUNPATH_SEARCH_PATHS = "$(inherited) @executable_path/Frameworks @loader_path/Frameworks";
				PRODUCT_BUNDLE_IDENTIFIER = "com.pigletproducts.ARO-InspectionsUITests";
				PRODUCT_NAME = "$(TARGET_NAME)";
				TEST_TARGET_NAME = "ARO Inspections";
			};
			name = Debug;
		};
		9C050A5F1DFF5C8E000D0726 /* Release */ = {
			isa = XCBuildConfiguration;
			buildSettings = {
				DEVELOPMENT_TEAM = 4VLU4CB777;
				INFOPLIST_FILE = "ARO InspectionsUITests/Info.plist";
				LD_RUNPATH_SEARCH_PATHS = "$(inherited) @executable_path/Frameworks @loader_path/Frameworks";
				PRODUCT_BUNDLE_IDENTIFIER = "com.pigletproducts.ARO-InspectionsUITests";
				PRODUCT_NAME = "$(TARGET_NAME)";
				TEST_TARGET_NAME = "ARO Inspections";
			};
			name = Release;
		};
/* End XCBuildConfiguration section */

/* Begin XCConfigurationList section */
		9C050A251DFF5C8E000D0726 /* Build configuration list for PBXProject "ARO Inspections" */ = {
			isa = XCConfigurationList;
			buildConfigurations = (
				9C050A551DFF5C8E000D0726 /* Debug */,
				9C050A561DFF5C8E000D0726 /* Release */,
			);
			defaultConfigurationIsVisible = 0;
			defaultConfigurationName = Release;
		};
		9C050A571DFF5C8E000D0726 /* Build configuration list for PBXNativeTarget "ARO Inspections" */ = {
			isa = XCConfigurationList;
			buildConfigurations = (
				9C050A581DFF5C8E000D0726 /* Debug */,
				9C050A591DFF5C8E000D0726 /* Release */,
			);
			defaultConfigurationIsVisible = 0;
			defaultConfigurationName = Release;
		};
		9C050A5A1DFF5C8E000D0726 /* Build configuration list for PBXNativeTarget "ARO InspectionsTests" */ = {
			isa = XCConfigurationList;
			buildConfigurations = (
				9C050A5B1DFF5C8E000D0726 /* Debug */,
				9C050A5C1DFF5C8E000D0726 /* Release */,
			);
			defaultConfigurationIsVisible = 0;
			defaultConfigurationName = Release;
		};
		9C050A5D1DFF5C8E000D0726 /* Build configuration list for PBXNativeTarget "ARO InspectionsUITests" */ = {
			isa = XCConfigurationList;
			buildConfigurations = (
				9C050A5E1DFF5C8E000D0726 /* Debug */,
				9C050A5F1DFF5C8E000D0726 /* Release */,
			);
			defaultConfigurationIsVisible = 0;
			defaultConfigurationName = Release;
		};
/* End XCConfigurationList section */
	};
	rootObject = 9C050A221DFF5C8E000D0726 /* Project object */;
}
